
Microsoft Visual Studio Solution File, Format Version 12.00
# Visual Studio Version 16
VisualStudioVersion = 16.0.30503.244
MinimumVisualStudioVersion = 10.0.40219.1
Project("{8BC9CEB8-8B4A-11D0-8D11-00A0C91BC942}") = "WACV2022", "WACV2022.vcxproj", "{9B68EA8E-08E9-40E7-A1B3-E1E0EBC26CE7}"
EndProject
Global
	GlobalSection(SolutionConfigurationPlatforms) = preSolution
		Debug|x64 = Debug|x64
		Debug|x86 = Debug|x86
		Release|x64 = Release|x64
		Release|x86 = Release|x86
	EndGlobalSection
	GlobalSection(ProjectConfigurationPlatforms) = postSolution
		{9B68EA8E-08E9-40E7-A1B3-E1E0EBC26CE7}.Debug|x64.ActiveCfg = Release|x64
		{9B68EA8E-08E9-40E7-A1B3-E1E0EBC26CE7}.Debug|x86.ActiveCfg = Release|x64
		{9B68EA8E-08E9-40E7-A1B3-E1E0EBC26CE7}.Release|x64.ActiveCfg = Release|x64
		{9B68EA8E-08E9-40E7-A1B3-E1E0EBC26CE7}.Release|x64.Build.0 = Release|x64
		{9B68EA8E-08E9-40E7-A1B3-E1E0EBC26CE7}.Release|x86.ActiveCfg = Release|x64
	EndGlobalSection
	GlobalSection(SolutionProperties) = preSolution
		HideSolutionNode = FALSE
	EndGlobalSection
	GlobalSection(ExtensibilityGlobals) = postSolution
		SolutionGuid = {0073C500-B443-4858-9DAC-17E9E081BA6A}
	EndGlobalSection
EndGlobal
